
Microsoft Visual Studio Solution File, Format Version 12.00
# Visual Studio Version 17
VisualStudioVersion = 17.4.33103.184
MinimumVisualStudioVersion = 10.0.40219.1
Project("{FAE04EC0-301F-11D3-BF4B-00C04F79EFBC}") = "support-bank", "support-bank\support-bank.csproj", "{D82104C2-8B37-473A-8508-4C77B4D0B363}"
EndProject
Global
	GlobalSection(SolutionConfigurationPlatforms) = preSolution
		Debug|Any CPU = Debug|Any CPU
		Release|Any CPU = Release|Any CPU
	EndGlobalSection
	GlobalSection(ProjectConfigurationPlatforms) = postSolution
		{D82104C2-8B37-473A-8508-4C77B4D0B363}.Debug|Any CPU.ActiveCfg = Debug|Any CPU
		{D82104C2-8B37-473A-8508-4C77B4D0B363}.Debug|Any CPU.Build.0 = Debug|Any CPU
		{D82104C2-8B37-473A-8508-4C77B4D0B363}.Release|Any CPU.ActiveCfg = Release|Any CPU
		{D82104C2-8B37-473A-8508-4C77B4D0B363}.Release|Any CPU.Build.0 = Release|Any CPU
	EndGlobalSection
	GlobalSection(SolutionProperties) = preSolution
		HideSolutionNode = FALSE
	EndGlobalSection
	GlobalSection(ExtensibilityGlobals) = postSolution
		SolutionGuid = {12BBCC05-0FD5-48D3-B99B-FD582DC28081}
	EndGlobalSection
EndGlobal
